// !$*UTF8*$!
{
    archiveVersion = 1;
    classes = {
    };
    objectVersion = 77;
    objects = {

/* Begin PBXBuildFile section */
        A75218752E92C2D700ABF476 /* Crypto in Frameworks */ = {isa = PBXBuildFile; productRef = A75218742E92C2D700ABF476 /* Crypto */; };
        A75E23102CC6F59800B03953 /* AppAttest in Frameworks */ = {isa = PBXBuildFile; productRef = A75E230F2CC6F59800B03953 /* AppAttest */; };
/* End PBXBuildFile section */

/* Begin PBXContainerItemProxy section */
        A779B9542CC6EDFE008128F4 /* PBXContainerItemProxy */ = {
            isa = PBXContainerItemProxy;
            containerPortal = A779B93A2CC6EDFC008128F4 /* Project object */;
            proxyType = 1;
            remoteGlobalIDString = A779B9412CC6EDFC008128F4;
            remoteInfo = "App Attest";
        };
        A779B95E2CC6EDFE008128F4 /* PBXContainerItemProxy */ = {
            isa = PBXContainerItemProxy;
            containerPortal = A779B93A2CC6EDFC008128F4 /* Project object */;
            proxyType = 1;
            remoteGlobalIDString = A779B9412CC6EDFC008128F4;
            remoteInfo = "App Attest";
        };
/* End PBXContainerItemProxy section */

/* Begin PBXFileReference section */
        A779B9422CC6EDFC008128F4 /* AppAttestDemo.app */ = {isa = PBXFileReference; explicitFileType = wrapper.application; includeInIndex = 0; path = AppAttestDemo.app; sourceTree = BUILT_PRODUCTS_DIR; };
        A779B9532CC6EDFE008128F4 /* AppAttestDemoTests.xctest */ = {isa = PBXFileReference; explicitFileType = wrapper.cfbundle; includeInIndex = 0; path = AppAttestDemoTests.xctest; sourceTree = BUILT_PRODUCTS_DIR; };
        A779B95D2CC6EDFE008128F4 /* AppAttestDemoUITests.xctest */ = {isa = PBXFileReference; explicitFileType = wrapper.cfbundle; includeInIndex = 0; path = AppAttestDemoUITests.xctest; sourceTree = BUILT_PRODUCTS_DIR; };
/* End PBXFileReference section */

/* Begin PBXFileSystemSynchronizedRootGroup section */
        A779B9442CC6EDFC008128F4 /* AppAttestDemo */ = {
            isa = PBXFileSystemSynchronizedRootGroup;
            path = AppAttestDemo;
            sourceTree = "<group>";
        };
        A779B9562CC6EDFE008128F4 /* AppAttestDemoTests */ = {
            isa = PBXFileSystemSynchronizedRootGroup;
            path = AppAttestDemoTests;
            sourceTree = "<group>";
        };
        A779B9602CC6EDFE008128F4 /* AppAttestDemoUITests */ = {
            isa = PBXFileSystemSynchronizedRootGroup;
            path = AppAttestDemoUITests;
            sourceTree = "<group>";
        };
/* End PBXFileSystemSynchronizedRootGroup section */

/* Begin PBXFrameworksBuildPhase section */
        A779B93F2CC6EDFC008128F4 /* Frameworks */ = {
            isa = PBXFrameworksBuildPhase;
            buildActionMask = 2147483647;
            files = (
                A75E23102CC6F59800B03953 /* AppAttest in Frameworks */,
                A75218752E92C2D700ABF476 /* Crypto in Frameworks */,
            );
            runOnlyForDeploymentPostprocessing = 0;
        };
        A779B9502CC6EDFE008128F4 /* Frameworks */ = {
            isa = PBXFrameworksBuildPhase;
            buildActionMask = 2147483647;
            files = (
            );
            runOnlyForDeploymentPostprocessing = 0;
        };
        A779B95A2CC6EDFE008128F4 /* Frameworks */ = {
            isa = PBXFrameworksBuildPhase;
            buildActionMask = 2147483647;
            files = (
            );
            runOnlyForDeploymentPostprocessing = 0;
        };
/* End PBXFrameworksBuildPhase section */

/* Begin PBXGroup section */
        A75E230E2CC6F59800B03953 /* Frameworks */ = {
            isa = PBXGroup;
            children = (
            );
            name = Frameworks;
            sourceTree = "<group>";
        };
        A779B9392CC6EDFC008128F4 = {
            isa = PBXGroup;
            children = (
                A779B9442CC6EDFC008128F4 /* AppAttestDemo */,
                A779B9562CC6EDFE008128F4 /* AppAttestDemoTests */,
                A779B9602CC6EDFE008128F4 /* AppAttestDemoUITests */,
                A75E230E2CC6F59800B03953 /* Frameworks */,
                A779B9432CC6EDFC008128F4 /* Products */,
            );
            sourceTree = "<group>";
        };
        A779B9432CC6EDFC008128F4 /* Products */ = {
            isa = PBXGroup;
            children = (
                A779B9422CC6EDFC008128F4 /* AppAttestDemo.app */,
                A779B9532CC6EDFE008128F4 /* AppAttestDemoTests.xctest */,
                A779B95D2CC6EDFE008128F4 /* AppAttestDemoUITests.xctest */,
            );
            name = Products;
            sourceTree = "<group>";
        };
/* End PBXGroup section */

/* Begin PBXNativeTarget section */
        A779B9412CC6EDFC008128F4 /* AppAttestDemo */ = {
            isa = PBXNativeTarget;
            buildConfigurationList = A779B9672CC6EDFE008128F4 /* Build configuration list for PBXNativeTarget "AppAttestDemo" */;
            buildPhases = (
                A779B93E2CC6EDFC008128F4 /* Sources */,
                A779B93F2CC6EDFC008128F4 /* Frameworks */,
                A779B9402CC6EDFC008128F4 /* Resources */,
            );
            buildRules = (
            );
            dependencies = (
            );
            fileSystemSynchronizedGroups = (
                A779B9442CC6EDFC008128F4 /* AppAttestDemo */,
            );
            name = AppAttestDemo;
            packageProductDependencies = (
                A75E230F2CC6F59800B03953 /* AppAttest */,
                A75218742E92C2D700ABF476 /* Crypto */,
            );
            productName = "App Attest";
            productReference = A779B9422CC6EDFC008128F4 /* AppAttestDemo.app */;
            productType = "com.apple.product-type.application";
        };
        A779B9522CC6EDFE008128F4 /* AppAttestDemoTests */ = {
            isa = PBXNativeTarget;
            buildConfigurationList = A779B96A2CC6EDFE008128F4 /* Build configuration list for PBXNativeTarget "AppAttestDemoTests" */;
            buildPhases = (
                A779B94F2CC6EDFE008128F4 /* Sources */,
                A779B9502CC6EDFE008128F4 /* Frameworks */,
                A779B9512CC6EDFE008128F4 /* Resources */,
            );
            buildRules = (
            );
            dependencies = (
                A779B9552CC6EDFE008128F4 /* PBXTargetDependency */,
            );
            fileSystemSynchronizedGroups = (
                A779B9562CC6EDFE008128F4 /* AppAttestDemoTests */,
            );
            name = AppAttestDemoTests;
            packageProductDependencies = (
            );
            productName = "App AttestTests";
            productReference = A779B9532CC6EDFE008128F4 /* AppAttestDemoTests.xctest */;
            productType = "com.apple.product-type.bundle.unit-test";
        };
        A779B95C2CC6EDFE008128F4 /* AppAttestDemoUITests */ = {
            isa = PBXNativeTarget;
            buildConfigurationList = A779B96D2CC6EDFE008128F4 /* Build configuration list for PBXNativeTarget "AppAttestDemoUITests" */;
            buildPhases = (
                A779B9592CC6EDFE008128F4 /* Sources */,
                A779B95A2CC6EDFE008128F4 /* Frameworks */,
                A779B95B2CC6EDFE008128F4 /* Resources */,
            );
            buildRules = (
            );
            dependencies = (
                A779B95F2CC6EDFE008128F4 /* PBXTargetDependency */,
            );
            fileSystemSynchronizedGroups = (
                A779B9602CC6EDFE008128F4 /* AppAttestDemoUITests */,
            );
            name = AppAttestDemoUITests;
            packageProductDependencies = (
            );
            productName = "App AttestUITests";
            productReference = A779B95D2CC6EDFE008128F4 /* AppAttestDemoUITests.xctest */;
            productType = "com.apple.product-type.bundle.ui-testing";
        };
/* End PBXNativeTarget section */

/* Begin PBXProject section */
        A779B93A2CC6EDFC008128F4 /* Project object */ = {
            isa = PBXProject;
            attributes = {
                BuildIndependentTargetsInParallel = 1;
                LastSwiftUpdateCheck = 1600;
                LastUpgradeCheck = 1600;
                TargetAttributes = {
                    A779B9412CC6EDFC008128F4 = {
                        CreatedOnToolsVersion = 16.0;
                    };
                    A779B9522CC6EDFE008128F4 = {
                        CreatedOnToolsVersion = 16.0;
                        TestTargetID = A779B9412CC6EDFC008128F4;
                    };
                    A779B95C2CC6EDFE008128F4 = {
                        CreatedOnToolsVersion = 16.0;
                        TestTargetID = A779B9412CC6EDFC008128F4;
                    };
                };
            };
            buildConfigurationList = A779B93D2CC6EDFC008128F4 /* Build configuration list for PBXProject "AppAttestDemo" */;
            developmentRegion = en;
            hasScannedForEncodings = 0;
            knownRegions = (
                en,
                Base,
            );
            mainGroup = A779B9392CC6EDFC008128F4;
            minimizedProjectReferenceProxies = 1;
            packageReferences = (
                    A7C5BCE72F9D4A1100E8E001 /* XCLocalSwiftPackageReference "AppAttest" */,
                A75218732E92C2D700ABF476 /* XCRemoteSwiftPackageReference "swift-crypto" */,
            );
            preferredProjectObjectVersion = 77;
            productRefGroup = A779B9432CC6EDFC008128F4 /* Products */;
            projectDirPath = "";
            projectRoot = "";
            targets = (
                A779B9412CC6EDFC008128F4 /* AppAttestDemo */,
                A779B9522CC6EDFE008128F4 /* AppAttestDemoTests */,
                A779B95C2CC6EDFE008128F4 /* AppAttestDemoUITests */,
            );
        };
/* End PBXProject section */

/* Begin PBXResourcesBuildPhase section */
        A779B9402CC6EDFC008128F4 /* Resources */ = {
            isa = PBXResourcesBuildPhase;
            buildActionMask = 2147483647;
            files = (
            );
            runOnlyForDeploymentPostprocessing = 0;
        };
        A779B9512CC6EDFE008128F4 /* Resources */ = {
            isa = PBXResourcesBuildPhase;
            buildActionMask = 2147483647;
            files = (
            );
            runOnlyForDeploymentPostprocessing = 0;
        };
        A779B95B2CC6EDFE008128F4 /* Resources */ = {
            isa = PBXResourcesBuildPhase;
            buildActionMask = 2147483647;
            files = (
            );
            runOnlyForDeploymentPostprocessing = 0;
        };
/* End PBXResourcesBuildPhase section */

/* Begin PBXSourcesBuildPhase section */
        A779B93E2CC6EDFC008128F4 /* Sources */ = {
            isa = PBXSourcesBuildPhase;
            buildActionMask = 2147483647;
            files = (
            );
            runOnlyForDeploymentPostprocessing = 0;
        };
        A779B94F2CC6EDFE008128F4 /* Sources */ = {
            isa = PBXSourcesBuildPhase;
            buildActionMask = 2147483647;
            files = (
            );
            runOnlyForDeploymentPostprocessing = 0;
        };
        A779B9592CC6EDFE008128F4 /* Sources */ = {
            isa = PBXSourcesBuildPhase;
            buildActionMask = 2147483647;
            files = (
            );
            runOnlyForDeploymentPostprocessing = 0;
        };
/* End PBXSourcesBuildPhase section */

/* Begin PBXTargetDependency section */
        A779B9552CC6EDFE008128F4 /* PBXTargetDependency */ = {
            isa = PBXTargetDependency;
            target = A779B9412CC6EDFC008128F4 /* AppAttestDemo */;
            targetProxy = A779B9542CC6EDFE008128F4 /* PBXContainerItemProxy */;
        };
        A779B95F2CC6EDFE008128F4 /* PBXTargetDependency */ = {
            isa = PBXTargetDependency;
            target = A779B9412CC6EDFC008128F4 /* AppAttestDemo */;
            targetProxy = A779B95E2CC6EDFE008128F4 /* PBXContainerItemProxy */;
        };
/* End PBXTargetDependency section */

/* Begin XCBuildConfiguration section */
        A779B9652CC6EDFE008128F4 /* Debug */ = {
            isa = XCBuildConfiguration;
            buildSettings = {
                ALWAYS_SEARCH_USER_PATHS = NO;
                ASSETCATALOG_COMPILER_GENERATE_SWIFT_ASSET_SYMBOL_EXTENSIONS = YES;
                CLANG_ANALYZER_NONNULL = YES;
                CLANG_ANALYZER_NUMBER_OBJECT_CONVERSION = YES_AGGRESSIVE;
                CLANG_CXX_LANGUAGE_STANDARD = "gnu++20";
                CLANG_ENABLE_MODULES = YES;
                CLANG_ENABLE_OBJC_ARC = YES;
                CLANG_ENABLE_OBJC_WEAK = YES;
                CLANG_WARN_BLOCK_CAPTURE_AUTORELEASING = YES;
                CLANG_WARN_BOOL_CONVERSION = YES;
                CLANG_WARN_COMMA = YES;
                CLANG_WARN_CONSTANT_CONVERSION = YES;
                CLANG_WARN_DEPRECATED_OBJC_IMPLEMENTATIONS = YES;
                CLANG_WARN_DIRECT_OBJC_ISA_USAGE = YES_ERROR;
                CLANG_WARN_DOCUMENTATION_COMMENTS = YES;
                CLANG_WARN_EMPTY_BODY = YES;
                CLANG_WARN_ENUM_CONVERSION = YES;
                CLANG_WARN_INFINITE_RECURSION = YES;
                CLANG_WARN_INT_CONVERSION = YES;
                CLANG_WARN_NON_LITERAL_NULL_CONVERSION = YES;
                CLANG_WARN_OBJC_IMPLICIT_RETAIN_SELF = YES;
                CLANG_WARN_OBJC_LITERAL_CONVERSION = YES;
                CLANG_WARN_OBJC_ROOT_CLASS = YES_ERROR;
                CLANG_WARN_QUOTED_INCLUDE_IN_FRAMEWORK_HEADER = YES;
                CLANG_WARN_RANGE_LOOP_ANALYSIS = YES;
                CLANG_WARN_STRICT_PROTOTYPES = YES;
                CLANG_WARN_SUSPICIOUS_MOVE = YES;
                CLANG_WARN_UNGUARDED_AVAILABILITY = YES_AGGRESSIVE;
                CLANG_WARN_UNREACHABLE_CODE = YES;
                CLANG_WARN__DUPLICATE_METHOD_MATCH = YES;
                COPY_PHASE_STRIP = NO;
                DEBUG_INFORMATION_FORMAT = dwarf;
                ENABLE_STRICT_OBJC_MSGSEND = YES;
                ENABLE_TESTABILITY = YES;
                ENABLE_USER_SCRIPT_SANDBOXING = YES;
                GCC_C_LANGUAGE_STANDARD = gnu17;
                GCC_DYNAMIC_NO_PIC = NO;
                GCC_NO_COMMON_BLOCKS = YES;
                GCC_OPTIMIZATION_LEVEL = 0;
                GCC_PREPROCESSOR_DEFINITIONS = (
                    "DEBUG=1",
                    "$(inherited)",
                );
                GCC_WARN_64_TO_32_BIT_CONVERSION = YES;
                GCC_WARN_ABOUT_RETURN_TYPE = YES_ERROR;
                GCC_WARN_UNDECLARED_SELECTOR = YES;
                GCC_WARN_UNINITIALIZED_AUTOS = YES_AGGRESSIVE;
                GCC_WARN_UNUSED_FUNCTION = YES;
                GCC_WARN_UNUSED_VARIABLE = YES;
                LOCALIZATION_PREFERS_STRING_CATALOGS = YES;
                MTL_ENABLE_DEBUG_INFO = INCLUDE_SOURCE;
                MTL_FAST_MATH = YES;
                ONLY_ACTIVE_ARCH = YES;
                SWIFT_ACTIVE_COMPILATION_CONDITIONS = "DEBUG $(inherited)";
                SWIFT_OPTIMIZATION_LEVEL = "-Onone";
            };
            name = Debug;
        };
        A779B9662CC6EDFE008128F4 /* Release */ = {
            isa = XCBuildConfiguration;
            buildSettings = {
                ALWAYS_SEARCH_USER_PATHS = NO;
                ASSETCATALOG_COMPILER_GENERATE_SWIFT_ASSET_SYMBOL_EXTENSIONS = YES;
                CLANG_ANALYZER_NONNULL = YES;
                CLANG_ANALYZER_NUMBER_OBJECT_CONVERSION = YES_AGGRESSIVE;
                CLANG_CXX_LANGUAGE_STANDARD = "gnu++20";
                CLANG_ENABLE_MODULES = YES;
                CLANG_ENABLE_OBJC_ARC = YES;
                CLANG_ENABLE_OBJC_WEAK = YES;
                CLANG_WARN_BLOCK_CAPTURE_AUTORELEASING = YES;
                CLANG_WARN_BOOL_CONVERSION = YES;
                CLANG_WARN_COMMA = YES;
                CLANG_WARN_CONSTANT_CONVERSION = YES;
                CLANG_WARN_DEPRECATED_OBJC_IMPLEMENTATIONS = YES;
                CLANG_WARN_DIRECT_OBJC_ISA_USAGE = YES_ERROR;
                CLANG_WARN_DOCUMENTATION_COMMENTS = YES;
                CLANG_WARN_EMPTY_BODY = YES;
                CLANG_WARN_ENUM_CONVERSION = YES;
                CLANG_WARN_INFINITE_RECURSION = YES;
                CLANG_WARN_INT_CONVERSION = YES;
                CLANG_WARN_NON_LITERAL_NULL_CONVERSION = YES;
                CLANG_WARN_OBJC_IMPLICIT_RETAIN_SELF = YES;
                CLANG_WARN_OBJC_LITERAL_CONVERSION = YES;
                CLANG_WARN_OBJC_ROOT_CLASS = YES_ERROR;
                CLANG_WARN_QUOTED_INCLUDE_IN_FRAMEWORK_HEADER = YES;
                CLANG_WARN_RANGE_LOOP_ANALYSIS = YES;
                CLANG_WARN_STRICT_PROTOTYPES = YES;
                CLANG_WARN_SUSPICIOUS_MOVE = YES;
                CLANG_WARN_UNGUARDED_AVAILABILITY = YES_AGGRESSIVE;
                CLANG_WARN_UNREACHABLE_CODE = YES;
                CLANG_WARN__DUPLICATE_METHOD_MATCH = YES;
                COPY_PHASE_STRIP = NO;
                DEBUG_INFORMATION_FORMAT = "dwarf-with-dsym";
                ENABLE_NS_ASSERTIONS = NO;
                ENABLE_STRICT_OBJC_MSGSEND = YES;
                ENABLE_USER_SCRIPT_SANDBOXING = YES;
                GCC_C_LANGUAGE_STANDARD = gnu17;
                GCC_NO_COMMON_BLOCKS = YES;
                GCC_WARN_64_TO_32_BIT_CONVERSION = YES;
                GCC_WARN_ABOUT_RETURN_TYPE = YES_ERROR;
                GCC_WARN_UNDECLARED_SELECTOR = YES;
                GCC_WARN_UNINITIALIZED_AUTOS = YES_AGGRESSIVE;
                GCC_WARN_UNUSED_FUNCTION = YES;
                GCC_WARN_UNUSED_VARIABLE = YES;
                LOCALIZATION_PREFERS_STRING_CATALOGS = YES;
                MTL_ENABLE_DEBUG_INFO = NO;
                MTL_FAST_MATH = YES;
                SWIFT_COMPILATION_MODE = wholemodule;
            };
            name = Release;
        };
        A779B9682CC6EDFE008128F4 /* Debug */ = {
            isa = XCBuildConfiguration;
            buildSettings = {
                ASSETCATALOG_COMPILER_APPICON_NAME = AppIcon;
                ASSETCATALOG_COMPILER_GLOBAL_ACCENT_COLOR_NAME = AccentColor;
                CODE_SIGN_ENTITLEMENTS = AppAttestDemo/AppAttest.entitlements;
                CODE_SIGN_STYLE = Automatic;
                CURRENT_PROJECT_VERSION = 1;
                DEVELOPMENT_ASSET_PATHS = "\"AppAttestDemo/Preview Content\"";
                DEVELOPMENT_TEAM = P8HGHS7JQ8;
                ENABLE_HARDENED_RUNTIME = YES;
                ENABLE_PREVIEWS = YES;
                GENERATE_INFOPLIST_FILE = YES;
                INFOPLIST_KEY_NSAppTransportSecurity_NSAllowsArbitraryLoads = NO;
                INFOPLIST_KEY_NSAppTransportSecurity_NSAllowsLocalNetworking = YES;
                "INFOPLIST_KEY_UIApplicationSceneManifest_Generation[sdk=iphoneos*]" = YES;
                "INFOPLIST_KEY_UIApplicationSceneManifest_Generation[sdk=iphonesimulator*]" = YES;
                "INFOPLIST_KEY_UIApplicationSupportsIndirectInputEvents[sdk=iphoneos*]" = YES;
                "INFOPLIST_KEY_UIApplicationSupportsIndirectInputEvents[sdk=iphonesimulator*]" = YES;
                "INFOPLIST_KEY_UILaunchScreen_Generation[sdk=iphoneos*]" = YES;
                "INFOPLIST_KEY_UILaunchScreen_Generation[sdk=iphonesimulator*]" = YES;
                "INFOPLIST_KEY_UIStatusBarStyle[sdk=iphoneos*]" = UIStatusBarStyleDefault;
                "INFOPLIST_KEY_UIStatusBarStyle[sdk=iphonesimulator*]" = UIStatusBarStyleDefault;
                INFOPLIST_KEY_UISupportedInterfaceOrientations_iPad = "UIInterfaceOrientationPortrait UIInterfaceOrientationPortraitUpsideDown UIInterfaceOrientationLandscapeLeft UIInterfaceOrientationLandscapeRight";
                INFOPLIST_KEY_UISupportedInterfaceOrientations_iPhone = "UIInterfaceOrientationPortrait UIInterfaceOrientationLandscapeLeft UIInterfaceOrientationLandscapeRight";
                IPHONEOS_DEPLOYMENT_TARGET = 18.0;
                LD_RUNPATH_SEARCH_PATHS = "@executable_path/Frameworks";
                "LD_RUNPATH_SEARCH_PATHS[sdk=macosx*]" = "@executable_path/../Frameworks";
                MACOSX_DEPLOYMENT_TARGET = 15.0;
                MARKETING_VERSION = 1.0;
                PRODUCT_BUNDLE_IDENTIFIER = com.appattest.demo.1;
                PRODUCT_NAME = "$(TARGET_NAME)";
                REGISTER_APP_GROUPS = NO;
                SDKROOT = auto;
                SUPPORTED_PLATFORMS = "iphoneos iphonesimulator macosx";
                SUPPORTS_MACCATALYST = NO;
                SWIFT_EMIT_LOC_STRINGS = YES;
                SWIFT_VERSION = 5.0;
                TARGETED_DEVICE_FAMILY = 1;
                XROS_DEPLOYMENT_TARGET = 2.0;
            };
            name = Debug;
        };
        A779B9692CC6EDFE008128F4 /* Release */ = {
            isa = XCBuildConfiguration;
            buildSettings = {
                ASSETCATALOG_COMPILER_APPICON_NAME = AppIcon;
                ASSETCATALOG_COMPILER_GLOBAL_ACCENT_COLOR_NAME = AccentColor;
                CODE_SIGN_ENTITLEMENTS = AppAttestDemo/AppAttest.entitlements;
                CODE_SIGN_STYLE = Automatic;
                CURRENT_PROJECT_VERSION = 1;
                DEVELOPMENT_ASSET_PATHS = "\"AppAttestDemo/Preview Content\"";
                DEVELOPMENT_TEAM = P8HGHS7JQ8;
                ENABLE_HARDENED_RUNTIME = YES;
                ENABLE_PREVIEWS = YES;
                GENERATE_INFOPLIST_FILE = YES;
                INFOPLIST_KEY_NSAppTransportSecurity_NSAllowsArbitraryLoads = NO;
                INFOPLIST_KEY_NSAppTransportSecurity_NSAllowsLocalNetworking = YES;
                "INFOPLIST_KEY_UIApplicationSceneManifest_Generation[sdk=iphoneos*]" = YES;
                "INFOPLIST_KEY_UIApplicationSceneManifest_Generation[sdk=iphonesimulator*]" = YES;
                "INFOPLIST_KEY_UIApplicationSupportsIndirectInputEvents[sdk=iphoneos*]" = YES;
                "INFOPLIST_KEY_UIApplicationSupportsIndirectInputEvents[sdk=iphonesimulator*]" = YES;
                "INFOPLIST_KEY_UILaunchScreen_Generation[sdk=iphoneos*]" = YES;
                "INFOPLIST_KEY_UILaunchScreen_Generation[sdk=iphonesimulator*]" = YES;
                "INFOPLIST_KEY_UIStatusBarStyle[sdk=iphoneos*]" = UIStatusBarStyleDefault;
                "INFOPLIST_KEY_UIStatusBarStyle[sdk=iphonesimulator*]" = UIStatusBarStyleDefault;
                INFOPLIST_KEY_UISupportedInterfaceOrientations_iPad = "UIInterfaceOrientationPortrait UIInterfaceOrientationPortraitUpsideDown UIInterfaceOrientationLandscapeLeft UIInterfaceOrientationLandscapeRight";
                INFOPLIST_KEY_UISupportedInterfaceOrientations_iPhone = "UIInterfaceOrientationPortrait UIInterfaceOrientationLandscapeLeft UIInterfaceOrientationLandscapeRight";
                IPHONEOS_DEPLOYMENT_TARGET = 18.0;
                LD_RUNPATH_SEARCH_PATHS = "@executable_path/Frameworks";
                "LD_RUNPATH_SEARCH_PATHS[sdk=macosx*]" = "@executable_path/../Frameworks";
                MACOSX_DEPLOYMENT_TARGET = 15.0;
                MARKETING_VERSION = 1.0;
                PRODUCT_BUNDLE_IDENTIFIER = com.appattest.demo.1;
                PRODUCT_NAME = "$(TARGET_NAME)";
                REGISTER_APP_GROUPS = NO;
                SDKROOT = auto;
                SUPPORTED_PLATFORMS = "iphoneos iphonesimulator macosx";
                SUPPORTS_MACCATALYST = NO;
                SWIFT_EMIT_LOC_STRINGS = YES;
                SWIFT_VERSION = 5.0;
                TARGETED_DEVICE_FAMILY = 1;
                XROS_DEPLOYMENT_TARGET = 2.0;
            };
            name = Release;
        };
        A779B96B2CC6EDFE008128F4 /* Debug */ = {
            isa = XCBuildConfiguration;
            buildSettings = {
                BUNDLE_LOADER = "$(TEST_HOST)";
                CODE_SIGN_STYLE = Automatic;
                CURRENT_PROJECT_VERSION = 1;
                DEVELOPMENT_TEAM = Z86DH46P79;
                GENERATE_INFOPLIST_FILE = YES;
                IPHONEOS_DEPLOYMENT_TARGET = 18.0;
                MACOSX_DEPLOYMENT_TARGET = 15.0;
                MARKETING_VERSION = 1.0;
                PRODUCT_BUNDLE_IDENTIFIER = "uk.co.oliverbinns.app-attestTests";
                PRODUCT_NAME = "$(TARGET_NAME)";
                REGISTER_APP_GROUPS = NO;
                SDKROOT = auto;
                SUPPORTED_PLATFORMS = "iphoneos iphonesimulator macosx";
                SUPPORTS_MACCATALYST = NO;
                SWIFT_EMIT_LOC_STRINGS = NO;
                SWIFT_VERSION = 5.0;
                TARGETED_DEVICE_FAMILY = 1;
                TEST_HOST = "$(BUILT_PRODUCTS_DIR)/AppAttestDemo.app/$(BUNDLE_EXECUTABLE_FOLDER_PATH)/AppAttestDemo";
                XROS_DEPLOYMENT_TARGET = 2.0;
            };
            name = Debug;
        };
        A779B96C2CC6EDFE008128F4 /* Release */ = {
            isa = XCBuildConfiguration;
            buildSettings = {
                BUNDLE_LOADER = "$(TEST_HOST)";
                CODE_SIGN_STYLE = Automatic;
                CURRENT_PROJECT_VERSION = 1;
                DEVELOPMENT_TEAM = Z86DH46P79;
                GENERATE_INFOPLIST_FILE = YES;
                IPHONEOS_DEPLOYMENT_TARGET = 18.0;
                MACOSX_DEPLOYMENT_TARGET = 15.0;
                MARKETING_VERSION = 1.0;
                PRODUCT_BUNDLE_IDENTIFIER = "uk.co.oliverbinns.app-attestTests";
                PRODUCT_NAME = "$(TARGET_NAME)";
                REGISTER_APP_GROUPS = NO;
                SDKROOT = auto;
                SUPPORTED_PLATFORMS = "iphoneos iphonesimulator macosx";
                SUPPORTS_MACCATALYST = NO;
                SWIFT_EMIT_LOC_STRINGS = NO;
                SWIFT_VERSION = 5.0;
                TARGETED_DEVICE_FAMILY = 1;
                TEST_HOST = "$(BUILT_PRODUCTS_DIR)/AppAttestDemo.app/$(BUNDLE_EXECUTABLE_FOLDER_PATH)/AppAttestDemo";
                XROS_DEPLOYMENT_TARGET = 2.0;
            };
            name = Release;
        };
        A779B96E2CC6EDFE008128F4 /* Debug */ = {
            isa = XCBuildConfiguration;
            buildSettings = {
                CODE_SIGN_STYLE = Automatic;
                CURRENT_PROJECT_VERSION = 1;
                DEVELOPMENT_TEAM = Z86DH46P79;
                GENERATE_INFOPLIST_FILE = YES;
                IPHONEOS_DEPLOYMENT_TARGET = 18.0;
                MACOSX_DEPLOYMENT_TARGET = 15.0;
                MARKETING_VERSION = 1.0;
                PRODUCT_BUNDLE_IDENTIFIER = "uk.co.oliverbinns.app-attestUITests";
                PRODUCT_NAME = "$(TARGET_NAME)";
                PROVISIONING_PROFILE = "";
                REGISTER_APP_GROUPS = NO;
                SDKROOT = auto;
                SUPPORTED_PLATFORMS = "iphoneos iphonesimulator macosx";
                SUPPORTS_MACCATALYST = NO;
                SWIFT_EMIT_LOC_STRINGS = NO;
                SWIFT_VERSION = 5.0;
                TARGETED_DEVICE_FAMILY = 1;
                TEST_TARGET_NAME = AppAttestDemo;
                XROS_DEPLOYMENT_TARGET = 2.0;
            };
            name = Debug;
        };
        A779B96F2CC6EDFE008128F4 /* Release */ = {
            isa = XCBuildConfiguration;
            buildSettings = {
                CODE_SIGN_STYLE = Automatic;
                CURRENT_PROJECT_VERSION = 1;
                DEVELOPMENT_TEAM = Z86DH46P79;
                GENERATE_INFOPLIST_FILE = YES;
                IPHONEOS_DEPLOYMENT_TARGET = 18.0;
                MACOSX_DEPLOYMENT_TARGET = 15.0;
                MARKETING_VERSION = 1.0;
                PRODUCT_BUNDLE_IDENTIFIER = "uk.co.oliverbinns.app-attestUITests";
                PRODUCT_NAME = "$(TARGET_NAME)";
                PROVISIONING_PROFILE = "";
                REGISTER_APP_GROUPS = NO;
                SDKROOT = auto;
                SUPPORTED_PLATFORMS = "iphoneos iphonesimulator macosx";
                SUPPORTS_MACCATALYST = NO;
                SWIFT_EMIT_LOC_STRINGS = NO;
                SWIFT_VERSION = 5.0;
                TARGETED_DEVICE_FAMILY = 1;
                TEST_TARGET_NAME = AppAttestDemo;
                XROS_DEPLOYMENT_TARGET = 2.0;
            };
            name = Release;
        };
/* End XCBuildConfiguration section */

/* Begin XCConfigurationList section */
        A779B93D2CC6EDFC008128F4 /* Build configuration list for PBXProject "AppAttestDemo" */ = {
            isa = XCConfigurationList;
            buildConfigurations = (
                A779B9652CC6EDFE008128F4 /* Debug */,
                A779B9662CC6EDFE008128F4 /* Release */,
            );
            defaultConfigurationIsVisible = 0;
            defaultConfigurationName = Release;
        };
        A779B9672CC6EDFE008128F4 /* Build configuration list for PBXNativeTarget "AppAttestDemo" */ = {
            isa = XCConfigurationList;
            buildConfigurations = (
                A779B9682CC6EDFE008128F4 /* Debug */,
                A779B9692CC6EDFE008128F4 /* Release */,
            );
            defaultConfigurationIsVisible = 0;
            defaultConfigurationName = Release;
        };
        A779B96A2CC6EDFE008128F4 /* Build configuration list for PBXNativeTarget "AppAttestDemoTests" */ = {
            isa = XCConfigurationList;
            buildConfigurations = (
                A779B96B2CC6EDFE008128F4 /* Debug */,
                A779B96C2CC6EDFE008128F4 /* Release */,
            );
            defaultConfigurationIsVisible = 0;
            defaultConfigurationName = Release;
        };
        A779B96D2CC6EDFE008128F4 /* Build configuration list for PBXNativeTarget "AppAttestDemoUITests" */ = {
            isa = XCConfigurationList;
            buildConfigurations = (
                A779B96E2CC6EDFE008128F4 /* Debug */,
                A779B96F2CC6EDFE008128F4 /* Release */,
            );
            defaultConfigurationIsVisible = 0;
            defaultConfigurationName = Release;
        };
/* End XCConfigurationList section */

/* Begin XCLocalSwiftPackageReference section */
    A7C5BCE72F9D4A1100E8E001 /* XCLocalSwiftPackageReference "AppAttest" */ = {
      isa = XCLocalSwiftPackageReference;
      relativePath = AppAttest;
    };
/* End XCLocalSwiftPackageReference section */

/* Begin XCRemoteSwiftPackageReference section */
        A75218732E92C2D700ABF476 /* XCRemoteSwiftPackageReference "swift-crypto" */ = {
            isa = XCRemoteSwiftPackageReference;
            repositoryURL = "https://github.com/apple/swift-crypto.git";
            requirement = {
                kind = upToNextMajorVersion;
                minimumVersion = 3.15.1;
            };
        };
/* End XCRemoteSwiftPackageReference section */

/* Begin XCSwiftPackageProductDependency section */
        A75218742E92C2D700ABF476 /* Crypto */ = {
            isa = XCSwiftPackageProductDependency;
            package = A75218732E92C2D700ABF476 /* XCRemoteSwiftPackageReference "swift-crypto" */;
            productName = Crypto;
        };
        A75E230F2CC6F59800B03953 /* AppAttest */ = {
            isa = XCSwiftPackageProductDependency;
              package = A7C5BCE72F9D4A1100E8E001 /* XCLocalSwiftPackageReference "AppAttest" */;
            productName = AppAttest;
        };
/* End XCSwiftPackageProductDependency section */
    };
    rootObject = A779B93A2CC6EDFC008128F4 /* Project object */;
}
